
Microsoft Visual Studio Solution File, Format Version 12.00
# Visual Studio Version 17
VisualStudioVersion = 17.0.31903.59
MinimumVisualStudioVersion = 10.0.40219.1
Project("{2150E333-8FDC-42A3-9474-1A3956D46DE8}") = "src", "src", "{E56A2F1F-D940-415B-8369-A42A119D5968}"
EndProject
Project("{FAE04EC0-301F-11D3-BF4B-00C04F79EFBC}") = "FriendOverlay", "src\FriendOverlay\FriendOverlay.csproj", "{1022EDD2-CCF1-49A5-BC3C-BE29BB77A1C7}"
EndProject
Global
	GlobalSection(SolutionConfigurationPlatforms) = preSolution
		Debug|Any CPU = Debug|Any CPU
		Release|Any CPU = Release|Any CPU
	EndGlobalSection
	GlobalSection(SolutionProperties) = preSolution
		HideSolutionNode = FALSE
	EndGlobalSection
	GlobalSection(ProjectConfigurationPlatforms) = postSolution
		{1022EDD2-CCF1-49A5-BC3C-BE29BB77A1C7}.Debug|Any CPU.ActiveCfg = Debug|Any CPU
		{1022EDD2-CCF1-49A5-BC3C-BE29BB77A1C7}.Debug|Any CPU.Build.0 = Debug|Any CPU
		{1022EDD2-CCF1-49A5-BC3C-BE29BB77A1C7}.Release|Any CPU.ActiveCfg = Release|Any CPU
		{1022EDD2-CCF1-49A5-BC3C-BE29BB77A1C7}.Release|Any CPU.Build.0 = Release|Any CPU
	EndGlobalSection
	GlobalSection(NestedProjects) = preSolution
		{1022EDD2-CCF1-49A5-BC3C-BE29BB77A1C7} = {E56A2F1F-D940-415B-8369-A42A119D5968}
	EndGlobalSection
EndGlobal
